// !$*UTF8*$!
{
	archiveVersion = 1;
	classes = {
	};
	objectVersion = 50;
	objects = {

/* Begin PBXBuildFile section */
		480A630524CD864F00037D9E /* UserData.swift in Sources */ = {isa = PBXBuildFile; fileRef = 480A630424CD864F00037D9E /* UserData.swift */; };
		480A630724CD876000037D9E /* ElementRow.swift in Sources */ = {isa = PBXBuildFile; fileRef = 480A630624CD876000037D9E /* ElementRow.swift */; };
		480A630924CD877800037D9E /* ElementList.swift in Sources */ = {isa = PBXBuildFile; fileRef = 480A630824CD877800037D9E /* ElementList.swift */; };
		480A630B24CD87B700037D9E /* NavigationPrimary.swift in Sources */ = {isa = PBXBuildFile; fileRef = 480A630A24CD87B700037D9E /* NavigationPrimary.swift */; };
		480A630F24CD88F500037D9E /* MainView.swift in Sources */ = {isa = PBXBuildFile; fileRef = 480A630E24CD88F500037D9E /* MainView.swift */; };
		480A631124CD98EC00037D9E /* DetailHead.swift in Sources */ = {isa = PBXBuildFile; fileRef = 480A631024CD98EC00037D9E /* DetailHead.swift */; };
		480A631324CDAD1300037D9E /* DetailAddDevice.swift in Sources */ = {isa = PBXBuildFile; fileRef = 480A631224CDAD1300037D9E /* DetailAddDevice.swift */; };
		480A631524CDAD2B00037D9E /* DetailAddOperationGroup.swift in Sources */ = {isa = PBXBuildFile; fileRef = 480A631424CDAD2B00037D9E /* DetailAddOperationGroup.swift */; };
		480A631724CDB73000037D9E /* DetailAddItem.swift in Sources */ = {isa = PBXBuildFile; fileRef = 480A631624CDB73000037D9E /* DetailAddItem.swift */; };
		4811B7E724CFB66E00FE1267 /* DeviceUnits.swift in Sources */ = {isa = PBXBuildFile; fileRef = 4811B7E624CFB66E00FE1267 /* DeviceUnits.swift */; };
		4811B7E924CFD96100FE1267 /* Department.swift in Sources */ = {isa = PBXBuildFile; fileRef = 4811B7E824CFD96100FE1267 /* Department.swift */; };
		481877742533EEA600A7F9E9 /* ReportOnTechView.swift in Sources */ = {isa = PBXBuildFile; fileRef = 481877732533EEA600A7F9E9 /* ReportOnTechView.swift */; };
		482599B5251F308E00238927 /* ReportOnNurse.swift in Sources */ = {isa = PBXBuildFile; fileRef = 482599B4251F308E00238927 /* ReportOnNurse.swift */; };
		483CDD9A24E671BB008DC49C /* DutyUnits.swift in Sources */ = {isa = PBXBuildFile; fileRef = 483CDD9924E671BB008DC49C /* DutyUnits.swift */; };
		48793FFE24D00852003B317F /* OperateUnits.swift in Sources */ = {isa = PBXBuildFile; fileRef = 48793FFD24D00852003B317F /* OperateUnits.swift */; };
		48AE217724D2FF1600FA9B37 /* DetailAddRoom.swift in Sources */ = {isa = PBXBuildFile; fileRef = 48AE217624D2FF1600FA9B37 /* DetailAddRoom.swift */; };
		48AE217924D3106300FA9B37 /* RoomGroup.swift in Sources */ = {isa = PBXBuildFile; fileRef = 48AE217824D3106300FA9B37 /* RoomGroup.swift */; };
		48AE217B24D3119E00FA9B37 /* RoomUnits.swift in Sources */ = {isa = PBXBuildFile; fileRef = 48AE217A24D3119E00FA9B37 /* RoomUnits.swift */; };
		48AF0D1C24CEC1DA00265A44 /* NavigationTab.swift in Sources */ = {isa = PBXBuildFile; fileRef = 48AF0D1B24CEC1DA00265A44 /* NavigationTab.swift */; };
		48AF0D1E24CEC26E00265A44 /* DeviceGroup.swift in Sources */ = {isa = PBXBuildFile; fileRef = 48AF0D1D24CEC26E00265A44 /* DeviceGroup.swift */; };
		48AF0D2024CEC2A300265A44 /* OperationGroup.swift in Sources */ = {isa = PBXBuildFile; fileRef = 48AF0D1F24CEC2A300265A44 /* OperationGroup.swift */; };
		48BF442A24ECC404006D5D8B /* DetailAddDutyUnit.swift in Sources */ = {isa = PBXBuildFile; fileRef = 48BF442924ECC404006D5D8B /* DetailAddDutyUnit.swift */; };
		48C4058424CCD1BF00C9B5F0 /* LabeledTextField.swift in Sources */ = {isa = PBXBuildFile; fileRef = 48C4058324CCD1BF00C9B5F0 /* LabeledTextField.swift */; };
		48DEDD1D24D124AD00E9C26A /* DutyGroupView.swift in Sources */ = {isa = PBXBuildFile; fileRef = 48DEDD1C24D124AD00E9C26A /* DutyGroupView.swift */; };
		48F759D624EBF14100F84E34 /* OptionalTextField.swift in Sources */ = {isa = PBXBuildFile; fileRef = 48F759D524EBF14100F84E34 /* OptionalTextField.swift */; };
		48FA2DE124C9C6CA009EA536 /* AppDelegate.swift in Sources */ = {isa = PBXBuildFile; fileRef = 48FA2DE024C9C6CA009EA536 /* AppDelegate.swift */; };
		48FA2DE324C9C6CA009EA536 /* ContentView.swift in Sources */ = {isa = PBXBuildFile; fileRef = 48FA2DE224C9C6CA009EA536 /* ContentView.swift */; };
		48FA2DE524C9C6D3009EA536 /* Assets.xcassets in Resources */ = {isa = PBXBuildFile; fileRef = 48FA2DE424C9C6D3009EA536 /* Assets.xcassets */; };
		48FA2DE824C9C6D3009EA536 /* Preview Assets.xcassets in Resources */ = {isa = PBXBuildFile; fileRef = 48FA2DE724C9C6D3009EA536 /* Preview Assets.xcassets */; };
		48FA2DEB24C9C6D3009EA536 /* Main.storyboard in Resources */ = {isa = PBXBuildFile; fileRef = 48FA2DE924C9C6D3009EA536 /* Main.storyboard */; };
		48FA2DFC24C9C783009EA536 /* Element.swift in Sources */ = {isa = PBXBuildFile; fileRef = 48FA2DF824C9C782009EA536 /* Element.swift */; };
		48FA2DFD24C9C783009EA536 /* Data.swift in Sources */ = {isa = PBXBuildFile; fileRef = 48FA2DF924C9C783009EA536 /* Data.swift */; };
/* End PBXBuildFile section */

/* Begin PBXFileReference section */
		480A630424CD864F00037D9E /* UserData.swift */ = {isa = PBXFileReference; fileEncoding = 4; lastKnownFileType = sourcecode.swift; path = UserData.swift; sourceTree = "<group>"; };
		480A630624CD876000037D9E /* ElementRow.swift */ = {isa = PBXFileReference; fileEncoding = 4; lastKnownFileType = sourcecode.swift; path = ElementRow.swift; sourceTree = "<group>"; };
		480A630824CD877800037D9E /* ElementList.swift */ = {isa = PBXFileReference; fileEncoding = 4; lastKnownFileType = sourcecode.swift; path = ElementList.swift; sourceTree = "<group>"; };
		480A630A24CD87B700037D9E /* NavigationPrimary.swift */ = {isa = PBXFileReference; fileEncoding = 4; lastKnownFileType = sourcecode.swift; path = NavigationPrimary.swift; sourceTree = "<group>"; };
		480A630E24CD88F500037D9E /* MainView.swift */ = {isa = PBXFileReference; fileEncoding = 4; lastKnownFileType = sourcecode.swift; path = MainView.swift; sourceTree = "<group>"; };
		480A631024CD98EC00037D9E /* DetailHead.swift */ = {isa = PBXFileReference; lastKnownFileType = sourcecode.swift; path = DetailHead.swift; sourceTree = "<group>"; };
		480A631224CDAD1300037D9E /* DetailAddDevice.swift */ = {isa = PBXFileReference; lastKnownFileType = sourcecode.swift; path = DetailAddDevice.swift; sourceTree = "<group>"; };
		480A631424CDAD2B00037D9E /* DetailAddOperationGroup.swift */ = {isa = PBXFileReference; lastKnownFileType = sourcecode.swift; path = DetailAddOperationGroup.swift; sourceTree = "<group>"; };
		480A631624CDB73000037D9E /* DetailAddItem.swift */ = {isa = PBXFileReference; lastKnownFileType = sourcecode.swift; path = DetailAddItem.swift; sourceTree = "<group>"; };
		4811B7E624CFB66E00FE1267 /* DeviceUnits.swift */ = {isa = PBXFileReference; lastKnownFileType = sourcecode.swift; path = DeviceUnits.swift; sourceTree = "<group>"; };
		4811B7E824CFD96100FE1267 /* Department.swift */ = {isa = PBXFileReference; lastKnownFileType = sourcecode.swift; path = Department.swift; sourceTree = "<group>"; };
		481877732533EEA600A7F9E9 /* ReportOnTechView.swift */ = {isa = PBXFileReference; lastKnownFileType = sourcecode.swift; path = ReportOnTechView.swift; sourceTree = "<group>"; };
		482599B4251F308E00238927 /* ReportOnNurse.swift */ = {isa = PBXFileReference; fileEncoding = 4; lastKnownFileType = sourcecode.swift; path = ReportOnNurse.swift; sourceTree = "<group>"; };
		483CDD9924E671BB008DC49C /* DutyUnits.swift */ = {isa = PBXFileReference; lastKnownFileType = sourcecode.swift; path = DutyUnits.swift; sourceTree = "<group>"; };
		48793FFD24D00852003B317F /* OperateUnits.swift */ = {isa = PBXFileReference; lastKnownFileType = sourcecode.swift; path = OperateUnits.swift; sourceTree = "<group>"; };
		48AE217624D2FF1600FA9B37 /* DetailAddRoom.swift */ = {isa = PBXFileReference; lastKnownFileType = sourcecode.swift; path = DetailAddRoom.swift; sourceTree = "<group>"; };
		48AE217824D3106300FA9B37 /* RoomGroup.swift */ = {isa = PBXFileReference; lastKnownFileType = sourcecode.swift; path = RoomGroup.swift; sourceTree = "<group>"; };
		48AE217A24D3119E00FA9B37 /* RoomUnits.swift */ = {isa = PBXFileReference; lastKnownFileType = sourcecode.swift; path = RoomUnits.swift; sourceTree = "<group>"; };
		48AF0D1B24CEC1DA00265A44 /* NavigationTab.swift */ = {isa = PBXFileReference; lastKnownFileType = sourcecode.swift; path = NavigationTab.swift; sourceTree = "<group>"; };
		48AF0D1D24CEC26E00265A44 /* DeviceGroup.swift */ = {isa = PBXFileReference; lastKnownFileType = sourcecode.swift; path = DeviceGroup.swift; sourceTree = "<group>"; };
		48AF0D1F24CEC2A300265A44 /* OperationGroup.swift */ = {isa = PBXFileReference; lastKnownFileType = sourcecode.swift; path = OperationGroup.swift; sourceTree = "<group>"; };
		48BF442924ECC404006D5D8B /* DetailAddDutyUnit.swift */ = {isa = PBXFileReference; lastKnownFileType = sourcecode.swift; path = DetailAddDutyUnit.swift; sourceTree = "<group>"; };
		48C4058324CCD1BF00C9B5F0 /* LabeledTextField.swift */ = {isa = PBXFileReference; lastKnownFileType = sourcecode.swift; path = LabeledTextField.swift; sourceTree = "<group>"; };
		48DEDD1C24D124AD00E9C26A /* DutyGroupView.swift */ = {isa = PBXFileReference; lastKnownFileType = sourcecode.swift; path = DutyGroupView.swift; sourceTree = "<group>"; };
		48F759D524EBF14100F84E34 /* OptionalTextField.swift */ = {isa = PBXFileReference; lastKnownFileType = sourcecode.swift; path = OptionalTextField.swift; sourceTree = "<group>"; };
		48FA2DDD24C9C6CA009EA536 /* FixHosTechPosts.app */ = {isa = PBXFileReference; explicitFileType = wrapper.application; includeInIndex = 0; path = FixHosTechPosts.app; sourceTree = BUILT_PRODUCTS_DIR; };
		48FA2DE024C9C6CA009EA536 /* AppDelegate.swift */ = {isa = PBXFileReference; lastKnownFileType = sourcecode.swift; path = AppDelegate.swift; sourceTree = "<group>"; };
		48FA2DE224C9C6CA009EA536 /* ContentView.swift */ = {isa = PBXFileReference; lastKnownFileType = sourcecode.swift; path = ContentView.swift; sourceTree = "<group>"; };
		48FA2DE424C9C6D3009EA536 /* Assets.xcassets */ = {isa = PBXFileReference; lastKnownFileType = folder.assetcatalog; path = Assets.xcassets; sourceTree = "<group>"; };
		48FA2DE724C9C6D3009EA536 /* Preview Assets.xcassets */ = {isa = PBXFileReference; lastKnownFileType = folder.assetcatalog; path = "Preview Assets.xcassets"; sourceTree = "<group>"; };
		48FA2DEA24C9C6D3009EA536 /* Base */ = {isa = PBXFileReference; lastKnownFileType = file.storyboard; name = Base; path = Base.lproj/Main.storyboard; sourceTree = "<group>"; };
		48FA2DEC24C9C6D3009EA536 /* Info.plist */ = {isa = PBXFileReference; lastKnownFileType = text.plist.xml; path = Info.plist; sourceTree = "<group>"; };
		48FA2DED24C9C6D3009EA536 /* FixHosTechPosts.entitlements */ = {isa = PBXFileReference; lastKnownFileType = text.plist.entitlements; path = FixHosTechPosts.entitlements; sourceTree = "<group>"; };
		48FA2DF824C9C782009EA536 /* Element.swift */ = {isa = PBXFileReference; fileEncoding = 4; lastKnownFileType = sourcecode.swift; path = Element.swift; sourceTree = "<group>"; };
		48FA2DF924C9C783009EA536 /* Data.swift */ = {isa = PBXFileReference; fileEncoding = 4; lastKnownFileType = sourcecode.swift; path = Data.swift; sourceTree = "<group>"; };
/* End PBXFileReference section */

/* Begin PBXFrameworksBuildPhase section */
		48FA2DDA24C9C6CA009EA536 /* Frameworks */ = {
			isa = PBXFrameworksBuildPhase;
			buildActionMask = 2147483647;
			files = (
			);
			runOnlyForDeploymentPostprocessing = 0;
		};
/* End PBXFrameworksBuildPhase section */

/* Begin PBXGroup section */
		481877752533F39600A7F9E9 /* Reports */ = {
			isa = PBXGroup;
			children = (
				481877732533EEA600A7F9E9 /* ReportOnTechView.swift */,
				482599B4251F308E00238927 /* ReportOnNurse.swift */,
			);
			path = Reports;
			sourceTree = "<group>";
		};
		48F759D424EBF10000F84E34 /* extensions */ = {
			isa = PBXGroup;
			children = (
				48F759D524EBF14100F84E34 /* OptionalTextField.swift */,
			);
			path = extensions;
			sourceTree = "<group>";
		};
		48FA2DD424C9C6CA009EA536 = {
			isa = PBXGroup;
			children = (
				48FA2DDF24C9C6CA009EA536 /* FixHosTechPosts */,
				48FA2DDE24C9C6CA009EA536 /* Products */,
			);
			sourceTree = "<group>";
		};
		48FA2DDE24C9C6CA009EA536 /* Products */ = {
			isa = PBXGroup;
			children = (
				48FA2DDD24C9C6CA009EA536 /* FixHosTechPosts.app */,
			);
			name = Products;
			sourceTree = "<group>";
		};
		48FA2DDF24C9C6CA009EA536 /* FixHosTechPosts */ = {
			isa = PBXGroup;
			children = (
				48F759D424EBF10000F84E34 /* extensions */,
				48FA2DF424C9C6FD009EA536 /* Views */,
				48FA2DF524C9C709009EA536 /* View Models */,
				48FA2DF324C9C6E9009EA536 /* Models */,
				48FA2DE024C9C6CA009EA536 /* AppDelegate.swift */,
				48FA2DE424C9C6D3009EA536 /* Assets.xcassets */,
				48FA2DE924C9C6D3009EA536 /* Main.storyboard */,
				48FA2DEC24C9C6D3009EA536 /* Info.plist */,
				48FA2DED24C9C6D3009EA536 /* FixHosTechPosts.entitlements */,
				48FA2DE624C9C6D3009EA536 /* Preview Content */,
			);
			path = FixHosTechPosts;
			sourceTree = "<group>";
		};
		48FA2DE624C9C6D3009EA536 /* Preview Content */ = {
			isa = PBXGroup;
			children = (
				48FA2DE724C9C6D3009EA536 /* Preview Assets.xcassets */,
			);
			path = "Preview Content";
			sourceTree = "<group>";
		};
		48FA2DF324C9C6E9009EA536 /* Models */ = {
			isa = PBXGroup;
			children = (
				48FA2DF924C9C783009EA536 /* Data.swift */,
				48FA2DF824C9C782009EA536 /* Element.swift */,
			);
			path = Models;
			sourceTree = "<group>";
		};
		48FA2DF424C9C6FD009EA536 /* Views */ = {
			isa = PBXGroup;
			children = (
				480A630E24CD88F500037D9E /* MainView.swift */,
				480A630A24CD87B700037D9E /* NavigationPrimary.swift */,
				48AF0D1B24CEC1DA00265A44 /* NavigationTab.swift */,
				4811B7E824CFD96100FE1267 /* Department.swift */,
				48AF0D1D24CEC26E00265A44 /* DeviceGroup.swift */,
				48AE217824D3106300FA9B37 /* RoomGroup.swift */,
				48DEDD1C24D124AD00E9C26A /* DutyGroupView.swift */,
				480A630824CD877800037D9E /* ElementList.swift */,
				480A630624CD876000037D9E /* ElementRow.swift */,
				48C4058324CCD1BF00C9B5F0 /* LabeledTextField.swift */,
				48FA2DE224C9C6CA009EA536 /* ContentView.swift */,
				480A631024CD98EC00037D9E /* DetailHead.swift */,
				480A631224CDAD1300037D9E /* DetailAddDevice.swift */,
				48AE217624D2FF1600FA9B37 /* DetailAddRoom.swift */,
				48BF442924ECC404006D5D8B /* DetailAddDutyUnit.swift */,
				4811B7E624CFB66E00FE1267 /* DeviceUnits.swift */,
				48AE217A24D3119E00FA9B37 /* RoomUnits.swift */,
				483CDD9924E671BB008DC49C /* DutyUnits.swift */,
				480A631424CDAD2B00037D9E /* DetailAddOperationGroup.swift */,
				480A631624CDB73000037D9E /* DetailAddItem.swift */,
				48AF0D1F24CEC2A300265A44 /* OperationGroup.swift */,
				48793FFD24D00852003B317F /* OperateUnits.swift */,
				481877752533F39600A7F9E9 /* Reports */,
			);
			path = Views;
			sourceTree = "<group>";
		};
		48FA2DF524C9C709009EA536 /* View Models */ = {
			isa = PBXGroup;
			children = (
				480A630424CD864F00037D9E /* UserData.swift */,
			);
			path = "View Models";
			sourceTree = "<group>";
		};
/* End PBXGroup section */

/* Begin PBXNativeTarget section */
		48FA2DDC24C9C6CA009EA536 /* FixHosTechPosts */ = {
			isa = PBXNativeTarget;
			buildConfigurationList = 48FA2DF024C9C6D3009EA536 /* Build configuration list for PBXNativeTarget "FixHosTechPosts" */;
			buildPhases = (
				48FA2DD924C9C6CA009EA536 /* Sources */,
				48FA2DDA24C9C6CA009EA536 /* Frameworks */,
				48FA2DDB24C9C6CA009EA536 /* Resources */,
			);
			buildRules = (
			);
			dependencies = (
			);
			name = FixHosTechPosts;
			productName = FixHosTechPosts;
			productReference = 48FA2DDD24C9C6CA009EA536 /* FixHosTechPosts.app */;
			productType = "com.apple.product-type.application";
		};
/* End PBXNativeTarget section */

/* Begin PBXProject section */
		48FA2DD524C9C6CA009EA536 /* Project object */ = {
			isa = PBXProject;
			attributes = {
				LastSwiftUpdateCheck = 1150;
				LastUpgradeCheck = 1160;
				ORGANIZATIONNAME = ssl;
				TargetAttributes = {
					48FA2DDC24C9C6CA009EA536 = {
						CreatedOnToolsVersion = 11.5;
					};
				};
			};
			buildConfigurationList = 48FA2DD824C9C6CA009EA536 /* Build configuration list for PBXProject "FixHosTechPosts" */;
			compatibilityVersion = "Xcode 9.3";
			developmentRegion = en;
			hasScannedForEncodings = 0;
			knownRegions = (
				en,
				Base,
			);
			mainGroup = 48FA2DD424C9C6CA009EA536;
			productRefGroup = 48FA2DDE24C9C6CA009EA536 /* Products */;
			projectDirPath = "";
			projectRoot = "";
			targets = (
				48FA2DDC24C9C6CA009EA536 /* FixHosTechPosts */,
			);
		};
/* End PBXProject section */

/* Begin PBXResourcesBuildPhase section */
		48FA2DDB24C9C6CA009EA536 /* Resources */ = {
			isa = PBXResourcesBuildPhase;
			buildActionMask = 2147483647;
			files = (
				48FA2DEB24C9C6D3009EA536 /* Main.storyboard in Resources */,
				48FA2DE824C9C6D3009EA536 /* Preview Assets.xcassets in Resources */,
				48FA2DE524C9C6D3009EA536 /* Assets.xcassets in Resources */,
			);
			runOnlyForDeploymentPostprocessing = 0;
		};
/* End PBXResourcesBuildPhase section */

/* Begin PBXSourcesBuildPhase section */
		48FA2DD924C9C6CA009EA536 /* Sources */ = {
			isa = PBXSourcesBuildPhase;
			buildActionMask = 2147483647;
			files = (
				48AE217724D2FF1600FA9B37 /* DetailAddRoom.swift in Sources */,
				481877742533EEA600A7F9E9 /* ReportOnTechView.swift in Sources */,
				480A630924CD877800037D9E /* ElementList.swift in Sources */,
				483CDD9A24E671BB008DC49C /* DutyUnits.swift in Sources */,
				480A630F24CD88F500037D9E /* MainView.swift in Sources */,
				48FA2DE324C9C6CA009EA536 /* ContentView.swift in Sources */,
				48AE217924D3106300FA9B37 /* RoomGroup.swift in Sources */,
				480A631324CDAD1300037D9E /* DetailAddDevice.swift in Sources */,
				480A630B24CD87B700037D9E /* NavigationPrimary.swift in Sources */,
				48AF0D1E24CEC26E00265A44 /* DeviceGroup.swift in Sources */,
				48AF0D1C24CEC1DA00265A44 /* NavigationTab.swift in Sources */,
				4811B7E924CFD96100FE1267 /* Department.swift in Sources */,
				48BF442A24ECC404006D5D8B /* DetailAddDutyUnit.swift in Sources */,
				482599B5251F308E00238927 /* ReportOnNurse.swift in Sources */,
				48AE217B24D3119E00FA9B37 /* RoomUnits.swift in Sources */,
				48FA2DFD24C9C783009EA536 /* Data.swift in Sources */,
				480A630524CD864F00037D9E /* UserData.swift in Sources */,
				480A630724CD876000037D9E /* ElementRow.swift in Sources */,
				48793FFE24D00852003B317F /* OperateUnits.swift in Sources */,
				48DEDD1D24D124AD00E9C26A /* DutyGroupView.swift in Sources */,
				48C4058424CCD1BF00C9B5F0 /* LabeledTextField.swift in Sources */,
				480A631724CDB73000037D9E /* DetailAddItem.swift in Sources */,
				480A631524CDAD2B00037D9E /* DetailAddOperationGroup.swift in Sources */,
				4811B7E724CFB66E00FE1267 /* DeviceUnits.swift in Sources */,
				48FA2DFC24C9C783009EA536 /* Element.swift in Sources */,
				480A631124CD98EC00037D9E /* DetailHead.swift in Sources */,
				48F759D624EBF14100F84E34 /* OptionalTextField.swift in Sources */,
				48AF0D2024CEC2A300265A44 /* OperationGroup.swift in Sources */,
				48FA2DE124C9C6CA009EA536 /* AppDelegate.swift in Sources */,
			);
			runOnlyForDeploymentPostprocessing = 0;
		};
/* End PBXSourcesBuildPhase section */

/* Begin PBXVariantGroup section */
		48FA2DE924C9C6D3009EA536 /* Main.storyboard */ = {
			isa = PBXVariantGroup;
			children = (
				48FA2DEA24C9C6D3009EA536 /* Base */,
			);
			name = Main.storyboard;
			sourceTree = "<group>";
		};
/* End PBXVariantGroup section */

/* Begin XCBuildConfiguration section */
		48FA2DEE24C9C6D3009EA536 /* Debug */ = {
			isa = XCBuildConfiguration;
			buildSettings = {
				ALWAYS_SEARCH_USER_PATHS = NO;
				CLANG_ANALYZER_NONNULL = YES;
				CLANG_ANALYZER_NUMBER_OBJECT_CONVERSION = YES_AGGRESSIVE;
				CLANG_CXX_LANGUAGE_STANDARD = "gnu++14";
				CLANG_CXX_LIBRARY = "libc++";
				CLANG_ENABLE_MODULES = YES;
				CLANG_ENABLE_OBJC_ARC = YES;
				CLANG_ENABLE_OBJC_WEAK = YES;
				CLANG_WARN_BLOCK_CAPTURE_AUTORELEASING = YES;
				CLANG_WARN_BOOL_CONVERSION = YES;
				CLANG_WARN_COMMA = YES;
				CLANG_WARN_CONSTANT_CONVERSION = YES;
				CLANG_WARN_DEPRECATED_OBJC_IMPLEMENTATIONS = YES;
				CLANG_WARN_DIRECT_OBJC_ISA_USAGE = YES_ERROR;
				CLANG_WARN_DOCUMENTATION_COMMENTS = YES;
				CLANG_WARN_EMPTY_BODY = YES;
				CLANG_WARN_ENUM_CONVERSION = YES;
				CLANG_WARN_INFINITE_RECURSION = YES;
				CLANG_WARN_INT_CONVERSION = YES;
				CLANG_WARN_NON_LITERAL_NULL_CONVERSION = YES;
				CLANG_WARN_OBJC_IMPLICIT_RETAIN_SELF = YES;
				CLANG_WARN_OBJC_LITERAL_CONVERSION = YES;
				CLANG_WARN_OBJC_ROOT_CLASS = YES_ERROR;
				CLANG_WARN_RANGE_LOOP_ANALYSIS = YES;
				CLANG_WARN_STRICT_PROTOTYPES = YES;
				CLANG_WARN_SUSPICIOUS_MOVE = YES;
				CLANG_WARN_UNGUARDED_AVAILABILITY = YES_AGGRESSIVE;
				CLANG_WARN_UNREACHABLE_CODE = YES;
				CLANG_WARN__DUPLICATE_METHOD_MATCH = YES;
				COPY_PHASE_STRIP = NO;
				DEBUG_INFORMATION_FORMAT = dwarf;
				ENABLE_STRICT_OBJC_MSGSEND = YES;
				ENABLE_TESTABILITY = YES;
				GCC_C_LANGUAGE_STANDARD = gnu11;
				GCC_DYNAMIC_NO_PIC = NO;
				GCC_NO_COMMON_BLOCKS = YES;
				GCC_OPTIMIZATION_LEVEL = 0;
				GCC_PREPROCESSOR_DEFINITIONS = (
					"DEBUG=1",
					"$(inherited)",
				);
				GCC_WARN_64_TO_32_BIT_CONVERSION = YES;
				GCC_WARN_ABOUT_RETURN_TYPE = YES_ERROR;
				GCC_WARN_UNDECLARED_SELECTOR = YES;
				GCC_WARN_UNINITIALIZED_AUTOS = YES_AGGRESSIVE;
				GCC_WARN_UNUSED_FUNCTION = YES;
				GCC_WARN_UNUSED_VARIABLE = YES;
				MACOSX_DEPLOYMENT_TARGET = 10.15;
				MTL_ENABLE_DEBUG_INFO = INCLUDE_SOURCE;
				MTL_FAST_MATH = YES;
				ONLY_ACTIVE_ARCH = YES;
				SDKROOT = macosx;
				SWIFT_ACTIVE_COMPILATION_CONDITIONS = DEBUG;
				SWIFT_OPTIMIZATION_LEVEL = "-Onone";
			};
			name = Debug;
		};
		48FA2DEF24C9C6D3009EA536 /* Release */ = {
			isa = XCBuildConfiguration;
			buildSettings = {
				ALWAYS_SEARCH_USER_PATHS = NO;
				CLANG_ANALYZER_NONNULL = YES;
				CLANG_ANALYZER_NUMBER_OBJECT_CONVERSION = YES_AGGRESSIVE;
				CLANG_CXX_LANGUAGE_STANDARD = "gnu++14";
				CLANG_CXX_LIBRARY = "libc++";
				CLANG_ENABLE_MODULES = YES;
				CLANG_ENABLE_OBJC_ARC = YES;
				CLANG_ENABLE_OBJC_WEAK = YES;
				CLANG_WARN_BLOCK_CAPTURE_AUTORELEASING = YES;
				CLANG_WARN_BOOL_CONVERSION = YES;
				CLANG_WARN_COMMA = YES;
				CLANG_WARN_CONSTANT_CONVERSION = YES;
				CLANG_WARN_DEPRECATED_OBJC_IMPLEMENTATIONS = YES;
				CLANG_WARN_DIRECT_OBJC_ISA_USAGE = YES_ERROR;
				CLANG_WARN_DOCUMENTATION_COMMENTS = YES;
				CLANG_WARN_EMPTY_BODY = YES;
				CLANG_WARN_ENUM_CONVERSION = YES;
				CLANG_WARN_INFINITE_RECURSION = YES;
				CLANG_WARN_INT_CONVERSION = YES;
				CLANG_WARN_NON_LITERAL_NULL_CONVERSION = YES;
				CLANG_WARN_OBJC_IMPLICIT_RETAIN_SELF = YES;
				CLANG_WARN_OBJC_LITERAL_CONVERSION = YES;
				CLANG_WARN_OBJC_ROOT_CLASS = YES_ERROR;
				CLANG_WARN_RANGE_LOOP_ANALYSIS = YES;
				CLANG_WARN_STRICT_PROTOTYPES = YES;
				CLANG_WARN_SUSPICIOUS_MOVE = YES;
				CLANG_WARN_UNGUARDED_AVAILABILITY = YES_AGGRESSIVE;
				CLANG_WARN_UNREACHABLE_CODE = YES;
				CLANG_WARN__DUPLICATE_METHOD_MATCH = YES;
				COPY_PHASE_STRIP = NO;
				DEBUG_INFORMATION_FORMAT = "dwarf-with-dsym";
				ENABLE_NS_ASSERTIONS = NO;
				ENABLE_STRICT_OBJC_MSGSEND = YES;
				GCC_C_LANGUAGE_STANDARD = gnu11;
				GCC_NO_COMMON_BLOCKS = YES;
				GCC_WARN_64_TO_32_BIT_CONVERSION = YES;
				GCC_WARN_ABOUT_RETURN_TYPE = YES_ERROR;
				GCC_WARN_UNDECLARED_SELECTOR = YES;
				GCC_WARN_UNINITIALIZED_AUTOS = YES_AGGRESSIVE;
				GCC_WARN_UNUSED_FUNCTION = YES;
				GCC_WARN_UNUSED_VARIABLE = YES;
				MACOSX_DEPLOYMENT_TARGET = 10.15;
				MTL_ENABLE_DEBUG_INFO = NO;
				MTL_FAST_MATH = YES;
				SDKROOT = macosx;
				SWIFT_COMPILATION_MODE = wholemodule;
				SWIFT_OPTIMIZATION_LEVEL = "-O";
			};
			name = Release;
		};
		48FA2DF124C9C6D3009EA536 /* Debug */ = {
			isa = XCBuildConfiguration;
			buildSettings = {
				ASSETCATALOG_COMPILER_APPICON_NAME = AppIcon;
				CODE_SIGN_ENTITLEMENTS = FixHosTechPosts/FixHosTechPosts.entitlements;
				CODE_SIGN_IDENTITY = "-";
				CODE_SIGN_STYLE = Automatic;
				COMBINE_HIDPI_IMAGES = YES;
				DEVELOPMENT_ASSET_PATHS = "\"FixHosTechPosts/Preview Content\"";
				DEVELOPMENT_TEAM = 25569MM3WJ;
				ENABLE_HARDENED_RUNTIME = YES;
				ENABLE_PREVIEWS = YES;
				INFOPLIST_FILE = FixHosTechPosts/Info.plist;
				LD_RUNPATH_SEARCH_PATHS = (
					"$(inherited)",
					"@executable_path/../Frameworks",
				);
				MACOSX_DEPLOYMENT_TARGET = 10.15;
				PRODUCT_BUNDLE_IDENTIFIER = io.github.emptist.FixHosTechPosts;
				PRODUCT_NAME = "$(TARGET_NAME)";
				SWIFT_VERSION = 5.0;
			};
			name = Debug;
		};
		48FA2DF224C9C6D3009EA536 /* Release */ = {
			isa = XCBuildConfiguration;
			buildSettings = {
				ASSETCATALOG_COMPILER_APPICON_NAME = AppIcon;
				CODE_SIGN_ENTITLEMENTS = FixHosTechPosts/FixHosTechPosts.entitlements;
				CODE_SIGN_IDENTITY = "-";
				CODE_SIGN_STYLE = Automatic;
				COMBINE_HIDPI_IMAGES = YES;
				DEVELOPMENT_ASSET_PATHS = "\"FixHosTechPosts/Preview Content\"";
				DEVELOPMENT_TEAM = 25569MM3WJ;
				ENABLE_HARDENED_RUNTIME = YES;
				ENABLE_PREVIEWS = YES;
				INFOPLIST_FILE = FixHosTechPosts/Info.plist;
				LD_RUNPATH_SEARCH_PATHS = (
					"$(inherited)",
					"@executable_path/../Frameworks",
				);
				MACOSX_DEPLOYMENT_TARGET = 10.15;
				PRODUCT_BUNDLE_IDENTIFIER = io.github.emptist.FixHosTechPosts;
				PRODUCT_NAME = "$(TARGET_NAME)";
				SWIFT_VERSION = 5.0;
			};
			name = Release;
		};
/* End XCBuildConfiguration section */

/* Begin XCConfigurationList section */
		48FA2DD824C9C6CA009EA536 /* Build configuration list for PBXProject "FixHosTechPosts" */ = {
			isa = XCConfigurationList;
			buildConfigurations = (
				48FA2DEE24C9C6D3009EA536 /* Debug */,
				48FA2DEF24C9C6D3009EA536 /* Release */,
			);
			defaultConfigurationIsVisible = 0;
			defaultConfigurationName = Release;
		};
		48FA2DF024C9C6D3009EA536 /* Build configuration list for PBXNativeTarget "FixHosTechPosts" */ = {
			isa = XCConfigurationList;
			buildConfigurations = (
				48FA2DF124C9C6D3009EA536 /* Debug */,
				48FA2DF224C9C6D3009EA536 /* Release */,
			);
			defaultConfigurationIsVisible = 0;
			defaultConfigurationName = Release;
		};
/* End XCConfigurationList section */
	};
	rootObject = 48FA2DD524C9C6CA009EA536 /* Project object */;
}
